schema: '2.0'
stages:
  extract_archive:
    cmd: unzip -q dataset_fixed.zip -d datasets/
    deps:
    - path: dataset_fixed.zip
      md5: 324b8d39251a2cbdf00527ebed29be97
      size: 8838725
    outs:
    - path: datasets/dataset_fixed/
      md5: 4bbbc8f9a5bbd7c8fbbc03b66ab7ec4b.dir
      size: 33866544
      nfiles: 2
  split_dataset:
    cmd: python split_dataset.py
    deps:
    - path: datasets/dataset_fixed/
      md5: 4bbbc8f9a5bbd7c8fbbc03b66ab7ec4b.dir
      size: 33866544
      nfiles: 2
    - path: split_dataset.py
      md5: 14706cb125b27e5f8631390196d93114
      size: 671
    params:
      params.yaml:
        split_dataset.train_size: 0.8
    outs:
    - path: datasets/x_test.pickle
      md5: 6c0de74c02e18ea90fc65367f7deb132
      size: 6766756
    - path: datasets/x_train.pickle
      md5: 5f0bd274f2a129f8e837ff45054149cf
      size: 27017380
    - path: datasets/y_test.pickle
      md5: 4acf49838dcd303e8579fdedb94ff618
      size: 16673
    - path: datasets/y_train.pickle
      md5: 4a8c7624c9f15a430e36f2b9a24ea070
      size: 66122
  train_model:
    cmd: python train_model.py
    deps:
    - path: datasets/x_test.pickle
      md5: 6c0de74c02e18ea90fc65367f7deb132
      size: 6766756
    - path: datasets/x_train.pickle
      md5: 5f0bd274f2a129f8e837ff45054149cf
      size: 27017380
    - path: datasets/y_test.pickle
      md5: 4acf49838dcd303e8579fdedb94ff618
      size: 16673
    - path: datasets/y_train.pickle
      md5: 4a8c7624c9f15a430e36f2b9a24ea070
      size: 66122
    - path: train_model.py
      md5: 2151bb908e383db8d4c704d8fcc6f59b
      size: 5374
    outs:
    - path: metrics.json
      md5: 74637c7cdaf42763e5072b5a8f135fd8
      size: 84
    - path: models/model.pickle
      md5: af226ebbb311e7023279e4e132ebb75d
      size: 27610320
