schema: '2.0'
stages:
  extract_archive:
    cmd: unzip -q dataset_fixed.zip -d datasets/
    deps:
    - path: dataset_fixed.zip
      md5: 324b8d39251a2cbdf00527ebed29be97
      size: 8838725
    outs:
    - path: datasets/dataset_fixed/
      md5: 4bbbc8f9a5bbd7c8fbbc03b66ab7ec4b.dir
      size: 33866544
      nfiles: 2
  split_dataset:
    cmd: python split_dataset.py
    deps:
    - path: datasets/dataset_fixed/
      md5: 4bbbc8f9a5bbd7c8fbbc03b66ab7ec4b.dir
      size: 33866544
      nfiles: 2
    - path: split_dataset.py
      md5: 14706cb125b27e5f8631390196d93114
      size: 671
    params:
      params.yaml:
        split_dataset.train_size: 0.75
    outs:
    - path: datasets/x_test.pickle
      md5: 92525e6442a58b967f5c11f8e51a181c
      size: 8454308
    - path: datasets/x_train.pickle
      md5: 297f92a7685f505dbd93f8b4c1727388
      size: 25329828
    - path: datasets/y_test.pickle
      md5: 8f8c8d1591714b3c9649db94b61cf25f
      size: 20793
    - path: datasets/y_train.pickle
      md5: 51f8ead72703970a0af44e2473eee64b
      size: 61993
